// !$*UTF8*$!
{
	archiveVersion = 1;
	classes = {
	};
	objectVersion = 46;
	objects = {

/* Begin PBXBuildFile section */
		1D3623260D0F684500981E51 /* GPAAppDelegate.m in Sources */ = {isa = PBXBuildFile; fileRef = 1D3623250D0F684500981E51 /* GPAAppDelegate.m */; };
		1D60589B0D05DD56006BFB54 /* main.m in Sources */ = {isa = PBXBuildFile; fileRef = 29B97316FDCFA39411CA2CEA /* main.m */; };
		1D60589F0D05DD5A006BFB54 /* Foundation.framework in Frameworks */ = {isa = PBXBuildFile; fileRef = 1D30AB110D05D00D00671497 /* Foundation.framework */; };
		1DF5F4E00D08C38300B7A737 /* UIKit.framework in Frameworks */ = {isa = PBXBuildFile; fileRef = 1DF5F4DF0D08C38300B7A737 /* UIKit.framework */; };
		28216C970DB411BC00E5133A /* CoursesViewController.m in Sources */ = {isa = PBXBuildFile; fileRef = 28216C960DB411BC00E5133A /* CoursesViewController.m */; };
		288765080DF74369002DB57D /* CoreGraphics.framework in Frameworks */ = {isa = PBXBuildFile; fileRef = 288765070DF74369002DB57D /* CoreGraphics.framework */; };
		CB13570D11095347009F7348 /* GPAViewController.m in Sources */ = {isa = PBXBuildFile; fileRef = CB13570C11095347009F7348 /* GPAViewController.m */; };
		CB135C2A110AB3FB009F7348 /* MessageUI.framework in Frameworks */ = {isa = PBXBuildFile; fileRef = CB135C29110AB3FB009F7348 /* MessageUI.framework */; };
		CB2114CE15158AEC00B7C6CE /* Icon@2x.png in Resources */ = {isa = PBXBuildFile; fileRef = CB2114CC15158AEC00B7C6CE /* Icon@2x.png */; };
		CB2114CF15158AEC00B7C6CE /* Icon.png in Resources */ = {isa = PBXBuildFile; fileRef = CB2114CD15158AEC00B7C6CE /* Icon.png */; };
		CB2114D2151669DA00B7C6CE /* WebResourceViewController.m in Sources */ = {isa = PBXBuildFile; fileRef = CB2114D1151669DA00B7C6CE /* WebResourceViewController.m */; };
		CBACCFE611135875007E6ADE /* AboutViewController.m in Sources */ = {isa = PBXBuildFile; fileRef = CBACCFE411135875007E6ADE /* AboutViewController.m */; };
		CBE0FABF151686C800D8B66E /* iAd.framework in Frameworks */ = {isa = PBXBuildFile; fileRef = CBE0FABE151686C800D8B66E /* iAd.framework */; };
		CBF3B97A15154DFF00615C5C /* chalkboard.jpg in Resources */ = {isa = PBXBuildFile; fileRef = CBF3B97915154DFF00615C5C /* chalkboard.jpg */; };
		CBF3B97C15154E0B00615C5C /* chalkboard@2x.jpg in Resources */ = {isa = PBXBuildFile; fileRef = CBF3B97B15154E0B00615C5C /* chalkboard@2x.jpg */; };
		CBF3B97E151551B300615C5C /* Storyboard.storyboard in Resources */ = {isa = PBXBuildFile; fileRef = CBF3B97D151551B300615C5C /* Storyboard.storyboard */; };
		CBF3B9881515623100615C5C /* postit@2x.png in Resources */ = {isa = PBXBuildFile; fileRef = CBF3B9871515623100615C5C /* postit@2x.png */; };
		CBF3B98B1515652F00615C5C /* 19-gear.png in Resources */ = {isa = PBXBuildFile; fileRef = CBF3B9891515652F00615C5C /* 19-gear.png */; };
		CBF3B98C1515652F00615C5C /* 19-gear@2x.png in Resources */ = {isa = PBXBuildFile; fileRef = CBF3B98A1515652F00615C5C /* 19-gear@2x.png */; };
		CBF3B98F1515655A00615C5C /* 83-calendar.png in Resources */ = {isa = PBXBuildFile; fileRef = CBF3B98D1515655A00615C5C /* 83-calendar.png */; };
		CBF3B9901515655A00615C5C /* 83-calendar@2x.png in Resources */ = {isa = PBXBuildFile; fileRef = CBF3B98E1515655A00615C5C /* 83-calendar@2x.png */; };
		CBF3B993151565AF00615C5C /* 117-todo.png in Resources */ = {isa = PBXBuildFile; fileRef = CBF3B991151565AF00615C5C /* 117-todo.png */; };
		CBF3B994151565AF00615C5C /* 117-todo@2x.png in Resources */ = {isa = PBXBuildFile; fileRef = CBF3B992151565AF00615C5C /* 117-todo@2x.png */; };
		CBF3B996151565DB00615C5C /* postit.png in Resources */ = {isa = PBXBuildFile; fileRef = CBF3B995151565DB00615C5C /* postit.png */; };
		CBF3B9981515696900615C5C /* Default.png in Resources */ = {isa = PBXBuildFile; fileRef = CBF3B9971515696900615C5C /* Default.png */; };
		CBF3B99B15157BC400615C5C /* colorado@2x.png in Resources */ = {isa = PBXBuildFile; fileRef = CBF3B99915157BC400615C5C /* colorado@2x.png */; };
		CBF3B99C15157BC400615C5C /* colorado.png in Resources */ = {isa = PBXBuildFile; fileRef = CBF3B99A15157BC400615C5C /* colorado.png */; };
/* End PBXBuildFile section */

/* Begin PBXFileReference section */
		1D30AB110D05D00D00671497 /* Foundation.framework */ = {isa = PBXFileReference; lastKnownFileType = wrapper.framework; name = Foundation.framework; path = System/Library/Frameworks/Foundation.framework; sourceTree = SDKROOT; };
		1D3623240D0F684500981E51 /* GPAAppDelegate.h */ = {isa = PBXFileReference; fileEncoding = 4; lastKnownFileType = sourcecode.c.h; path = GPAAppDelegate.h; sourceTree = "<group>"; };
		1D3623250D0F684500981E51 /* GPAAppDelegate.m */ = {isa = PBXFileReference; fileEncoding = 4; lastKnownFileType = sourcecode.c.objc; path = GPAAppDelegate.m; sourceTree = "<group>"; };
		1D6058910D05DD3D006BFB54 /* GPAide.app */ = {isa = PBXFileReference; explicitFileType = wrapper.application; includeInIndex = 0; path = GPAide.app; sourceTree = BUILT_PRODUCTS_DIR; };
		1DF5F4DF0D08C38300B7A737 /* UIKit.framework */ = {isa = PBXFileReference; lastKnownFileType = wrapper.framework; name = UIKit.framework; path = System/Library/Frameworks/UIKit.framework; sourceTree = SDKROOT; };
		28216C950DB411BC00E5133A /* CoursesViewController.h */ = {isa = PBXFileReference; fileEncoding = 4; lastKnownFileType = sourcecode.c.h; path = CoursesViewController.h; sourceTree = "<group>"; };
		28216C960DB411BC00E5133A /* CoursesViewController.m */ = {isa = PBXFileReference; fileEncoding = 4; lastKnownFileType = sourcecode.c.objc; path = CoursesViewController.m; sourceTree = "<group>"; };
		288765070DF74369002DB57D /* CoreGraphics.framework */ = {isa = PBXFileReference; lastKnownFileType = wrapper.framework; name = CoreGraphics.framework; path = System/Library/Frameworks/CoreGraphics.framework; sourceTree = SDKROOT; };
		28A0AB4B0D9B1048005BE974 /* GPA_Prefix.pch */ = {isa = PBXFileReference; fileEncoding = 4; lastKnownFileType = sourcecode.c.h; path = GPA_Prefix.pch; sourceTree = "<group>"; };
		29B97316FDCFA39411CA2CEA /* main.m */ = {isa = PBXFileReference; fileEncoding = 4; lastKnownFileType = sourcecode.c.objc; path = main.m; sourceTree = "<group>"; };
		8D1107310486CEB800E47090 /* GPA-Info.plist */ = {isa = PBXFileReference; fileEncoding = 4; lastKnownFileType = text.plist.xml; path = "GPA-Info.plist"; plistStructureDefinitionIdentifier = "com.apple.xcode.plist.structure-definition.iphone.info-plist"; sourceTree = "<group>"; };
		CB13570B11095347009F7348 /* GPAViewController.h */ = {isa = PBXFileReference; fileEncoding = 4; lastKnownFileType = sourcecode.c.h; path = GPAViewController.h; sourceTree = "<group>"; };
		CB13570C11095347009F7348 /* GPAViewController.m */ = {isa = PBXFileReference; fileEncoding = 4; lastKnownFileType = sourcecode.c.objc; path = GPAViewController.m; sourceTree = "<group>"; };
		CB135C29110AB3FB009F7348 /* MessageUI.framework */ = {isa = PBXFileReference; lastKnownFileType = wrapper.framework; name = MessageUI.framework; path = System/Library/Frameworks/MessageUI.framework; sourceTree = SDKROOT; };
		CB2114CC15158AEC00B7C6CE /* Icon@2x.png */ = {isa = PBXFileReference; lastKnownFileType = image.png; path = "Icon@2x.png"; sourceTree = "<group>"; };
		CB2114CD15158AEC00B7C6CE /* Icon.png */ = {isa = PBXFileReference; lastKnownFileType = image.png; path = Icon.png; sourceTree = "<group>"; };
		CB2114D0151669DA00B7C6CE /* WebResourceViewController.h */ = {isa = PBXFileReference; fileEncoding = 4; lastKnownFileType = sourcecode.c.h; path = WebResourceViewController.h; sourceTree = "<group>"; };
		CB2114D1151669DA00B7C6CE /* WebResourceViewController.m */ = {isa = PBXFileReference; fileEncoding = 4; lastKnownFileType = sourcecode.c.objc; path = WebResourceViewController.m; sourceTree = "<group>"; };
		CB5F54FB151694B900ACA27F /* GPA.entitlements */ = {isa = PBXFileReference; lastKnownFileType = text.xml; path = GPA.entitlements; sourceTree = "<group>"; };
		CBACCFE311135875007E6ADE /* AboutViewController.h */ = {isa = PBXFileReference; fileEncoding = 4; lastKnownFileType = sourcecode.c.h; path = AboutViewController.h; sourceTree = "<group>"; };
		CBACCFE411135875007E6ADE /* AboutViewController.m */ = {isa = PBXFileReference; fileEncoding = 4; lastKnownFileType = sourcecode.c.objc; path = AboutViewController.m; sourceTree = "<group>"; };
		CBE0FABE151686C800D8B66E /* iAd.framework */ = {isa = PBXFileReference; lastKnownFileType = wrapper.framework; name = iAd.framework; path = System/Library/Frameworks/iAd.framework; sourceTree = SDKROOT; };
		CBF3B97915154DFF00615C5C /* chalkboard.jpg */ = {isa = PBXFileReference; lastKnownFileType = image.jpeg; path = chalkboard.jpg; sourceTree = "<group>"; };
		CBF3B97B15154E0B00615C5C /* chalkboard@2x.jpg */ = {isa = PBXFileReference; lastKnownFileType = image.jpeg; path = "chalkboard@2x.jpg"; sourceTree = "<group>"; };
		CBF3B97D151551B300615C5C /* Storyboard.storyboard */ = {isa = PBXFileReference; fileEncoding = 4; lastKnownFileType = file.storyboard; path = Storyboard.storyboard; sourceTree = "<group>"; };
		CBF3B9871515623100615C5C /* postit@2x.png */ = {isa = PBXFileReference; lastKnownFileType = image.png; path = "postit@2x.png"; sourceTree = "<group>"; };
		CBF3B9891515652F00615C5C /* 19-gear.png */ = {isa = PBXFileReference; lastKnownFileType = image.png; path = "19-gear.png"; sourceTree = "<group>"; };
		CBF3B98A1515652F00615C5C /* 19-gear@2x.png */ = {isa = PBXFileReference; lastKnownFileType = image.png; path = "19-gear@2x.png"; sourceTree = "<group>"; };
		CBF3B98D1515655A00615C5C /* 83-calendar.png */ = {isa = PBXFileReference; lastKnownFileType = image.png; path = "83-calendar.png"; sourceTree = "<group>"; };
		CBF3B98E1515655A00615C5C /* 83-calendar@2x.png */ = {isa = PBXFileReference; lastKnownFileType = image.png; path = "83-calendar@2x.png"; sourceTree = "<group>"; };
		CBF3B991151565AF00615C5C /* 117-todo.png */ = {isa = PBXFileReference; lastKnownFileType = image.png; path = "117-todo.png"; sourceTree = "<group>"; };
		CBF3B992151565AF00615C5C /* 117-todo@2x.png */ = {isa = PBXFileReference; lastKnownFileType = image.png; path = "117-todo@2x.png"; sourceTree = "<group>"; };
		CBF3B995151565DB00615C5C /* postit.png */ = {isa = PBXFileReference; lastKnownFileType = image.png; path = postit.png; sourceTree = "<group>"; };
		CBF3B9971515696900615C5C /* Default.png */ = {isa = PBXFileReference; lastKnownFileType = image.png; path = Default.png; sourceTree = "<group>"; };
		CBF3B99915157BC400615C5C /* colorado@2x.png */ = {isa = PBXFileReference; lastKnownFileType = image.png; path = "colorado@2x.png"; sourceTree = "<group>"; };
		CBF3B99A15157BC400615C5C /* colorado.png */ = {isa = PBXFileReference; lastKnownFileType = image.png; path = colorado.png; sourceTree = "<group>"; };
/* End PBXFileReference section */

/* Begin PBXFrameworksBuildPhase section */
		1D60588F0D05DD3D006BFB54 /* Frameworks */ = {
			isa = PBXFrameworksBuildPhase;
			buildActionMask = 2147483647;
			files = (
				CBE0FABF151686C800D8B66E /* iAd.framework in Frameworks */,
				1D60589F0D05DD5A006BFB54 /* Foundation.framework in Frameworks */,
				1DF5F4E00D08C38300B7A737 /* UIKit.framework in Frameworks */,
				288765080DF74369002DB57D /* CoreGraphics.framework in Frameworks */,
				CB135C2A110AB3FB009F7348 /* MessageUI.framework in Frameworks */,
			);
			runOnlyForDeploymentPostprocessing = 0;
		};
/* End PBXFrameworksBuildPhase section */

/* Begin PBXGroup section */
		080E96DDFE201D6D7F000001 /* Classes */ = {
			isa = PBXGroup;
			children = (
				CBACCFE311135875007E6ADE /* AboutViewController.h */,
				CBACCFE411135875007E6ADE /* AboutViewController.m */,
				28216C950DB411BC00E5133A /* CoursesViewController.h */,
				28216C960DB411BC00E5133A /* CoursesViewController.m */,
				CB13570B11095347009F7348 /* GPAViewController.h */,
				CB13570C11095347009F7348 /* GPAViewController.m */,
				1D3623240D0F684500981E51 /* GPAAppDelegate.h */,
				1D3623250D0F684500981E51 /* GPAAppDelegate.m */,
				CB2114D0151669DA00B7C6CE /* WebResourceViewController.h */,
				CB2114D1151669DA00B7C6CE /* WebResourceViewController.m */,
			);
			path = Classes;
			sourceTree = "<group>";
		};
		19C28FACFE9D520D11CA2CBB /* Products */ = {
			isa = PBXGroup;
			children = (
				1D6058910D05DD3D006BFB54 /* GPAide.app */,
			);
			name = Products;
			sourceTree = "<group>";
		};
		29B97314FDCFA39411CA2CEA /* GPA */ = {
			isa = PBXGroup;
			children = (
				CB5F54FB151694B900ACA27F /* GPA.entitlements */,
				080E96DDFE201D6D7F000001 /* Classes */,
				29B97315FDCFA39411CA2CEA /* Other Sources */,
				29B97317FDCFA39411CA2CEA /* Resources */,
				29B97323FDCFA39411CA2CEA /* Frameworks */,
				19C28FACFE9D520D11CA2CBB /* Products */,
			);
			name = GPA;
			sourceTree = "<group>";
		};
		29B97315FDCFA39411CA2CEA /* Other Sources */ = {
			isa = PBXGroup;
			children = (
				28A0AB4B0D9B1048005BE974 /* GPA_Prefix.pch */,
				29B97316FDCFA39411CA2CEA /* main.m */,
			);
			name = "Other Sources";
			sourceTree = "<group>";
		};
		29B97317FDCFA39411CA2CEA /* Resources */ = {
			isa = PBXGroup;
			children = (
				CB2114CC15158AEC00B7C6CE /* Icon@2x.png */,
				CB2114CD15158AEC00B7C6CE /* Icon.png */,
				CBF3B9971515696900615C5C /* Default.png */,
				CBF3B97915154DFF00615C5C /* chalkboard.jpg */,
				CBF3B97B15154E0B00615C5C /* chalkboard@2x.jpg */,
				CBF3B99915157BC400615C5C /* colorado@2x.png */,
				CBF3B99A15157BC400615C5C /* colorado.png */,
				CBF3B995151565DB00615C5C /* postit.png */,
				CBF3B9871515623100615C5C /* postit@2x.png */,
				CBF3B991151565AF00615C5C /* 117-todo.png */,
				CBF3B992151565AF00615C5C /* 117-todo@2x.png */,
				CBF3B98D1515655A00615C5C /* 83-calendar.png */,
				CBF3B98E1515655A00615C5C /* 83-calendar@2x.png */,
				CBF3B9891515652F00615C5C /* 19-gear.png */,
				CBF3B98A1515652F00615C5C /* 19-gear@2x.png */,
				8D1107310486CEB800E47090 /* GPA-Info.plist */,
				CBF3B97D151551B300615C5C /* Storyboard.storyboard */,
			);
			name = Resources;
			sourceTree = "<group>";
		};
		29B97323FDCFA39411CA2CEA /* Frameworks */ = {
			isa = PBXGroup;
			children = (
				CB135C29110AB3FB009F7348 /* MessageUI.framework */,
				CBE0FABE151686C800D8B66E /* iAd.framework */,
				1DF5F4DF0D08C38300B7A737 /* UIKit.framework */,
				1D30AB110D05D00D00671497 /* Foundation.framework */,
				288765070DF74369002DB57D /* CoreGraphics.framework */,
			);
			name = Frameworks;
			sourceTree = "<group>";
		};
/* End PBXGroup section */

/* Begin PBXNativeTarget section */
		1D6058900D05DD3D006BFB54 /* GPA */ = {
			isa = PBXNativeTarget;
			buildConfigurationList = 1D6058960D05DD3E006BFB54 /* Build configuration list for PBXNativeTarget "GPA" */;
			buildPhases = (
				1D60588D0D05DD3D006BFB54 /* Resources */,
				1D60588E0D05DD3D006BFB54 /* Sources */,
				1D60588F0D05DD3D006BFB54 /* Frameworks */,
			);
			buildRules = (
			);
			dependencies = (
			);
			name = GPA;
			productName = GPA;
			productReference = 1D6058910D05DD3D006BFB54 /* GPAide.app */;
			productType = "com.apple.product-type.application";
		};
/* End PBXNativeTarget section */

/* Begin PBXProject section */
		29B97313FDCFA39411CA2CEA /* Project object */ = {
			isa = PBXProject;
			attributes = {
				LastUpgradeCheck = 0440;
			};
			buildConfigurationList = C01FCF4E08A954540054247B /* Build configuration list for PBXProject "GPA" */;
			compatibilityVersion = "Xcode 3.2";
			developmentRegion = English;
			hasScannedForEncodings = 1;
			knownRegions = (
				en,
			);
			mainGroup = 29B97314FDCFA39411CA2CEA /* GPA */;
			projectDirPath = "";
			projectRoot = "";
			targets = (
				1D6058900D05DD3D006BFB54 /* GPA */,
			);
		};
/* End PBXProject section */

/* Begin PBXResourcesBuildPhase section */
		1D60588D0D05DD3D006BFB54 /* Resources */ = {
			isa = PBXResourcesBuildPhase;
			buildActionMask = 2147483647;
			files = (
				CBF3B97A15154DFF00615C5C /* chalkboard.jpg in Resources */,
				CBF3B97C15154E0B00615C5C /* chalkboard@2x.jpg in Resources */,
				CBF3B97E151551B300615C5C /* Storyboard.storyboard in Resources */,
				CBF3B9881515623100615C5C /* postit@2x.png in Resources */,
				CBF3B98B1515652F00615C5C /* 19-gear.png in Resources */,
				CBF3B98C1515652F00615C5C /* 19-gear@2x.png in Resources */,
				CBF3B98F1515655A00615C5C /* 83-calendar.png in Resources */,
				CBF3B9901515655A00615C5C /* 83-calendar@2x.png in Resources */,
				CBF3B993151565AF00615C5C /* 117-todo.png in Resources */,
				CBF3B994151565AF00615C5C /* 117-todo@2x.png in Resources */,
				CBF3B996151565DB00615C5C /* postit.png in Resources */,
				CBF3B9981515696900615C5C /* Default.png in Resources */,
				CBF3B99B15157BC400615C5C /* colorado@2x.png in Resources */,
				CBF3B99C15157BC400615C5C /* colorado.png in Resources */,
				CB2114CE15158AEC00B7C6CE /* Icon@2x.png in Resources */,
				CB2114CF15158AEC00B7C6CE /* Icon.png in Resources */,
			);
			runOnlyForDeploymentPostprocessing = 0;
		};
/* End PBXResourcesBuildPhase section */

/* Begin PBXSourcesBuildPhase section */
		1D60588E0D05DD3D006BFB54 /* Sources */ = {
			isa = PBXSourcesBuildPhase;
			buildActionMask = 2147483647;
			files = (
				1D60589B0D05DD56006BFB54 /* main.m in Sources */,
				1D3623260D0F684500981E51 /* GPAAppDelegate.m in Sources */,
				28216C970DB411BC00E5133A /* CoursesViewController.m in Sources */,
				CB13570D11095347009F7348 /* GPAViewController.m in Sources */,
				CBACCFE611135875007E6ADE /* AboutViewController.m in Sources */,
				CB2114D2151669DA00B7C6CE /* WebResourceViewController.m in Sources */,
			);
			runOnlyForDeploymentPostprocessing = 0;
		};
/* End PBXSourcesBuildPhase section */

/* Begin XCBuildConfiguration section */
		1D6058940D05DD3E006BFB54 /* Debug */ = {
			isa = XCBuildConfiguration;
			buildSettings = {
				ALWAYS_SEARCH_USER_PATHS = NO;
				CLANG_ENABLE_OBJC_ARC = YES;
				CODE_SIGN_IDENTITY = "iPhone Developer";
				"CODE_SIGN_IDENTITY[sdk=iphoneos*]" = "iPhone Developer";
				COPY_PHASE_STRIP = NO;
				GCC_DYNAMIC_NO_PIC = NO;
				GCC_OPTIMIZATION_LEVEL = 0;
				GCC_PRECOMPILE_PREFIX_HEADER = YES;
				GCC_PREFIX_HEADER = GPA_Prefix.pch;
				GCC_VERSION = com.apple.compilers.llvm.clang.1_0;
				INFOPLIST_FILE = "GPA-Info.plist";
				IPHONEOS_DEPLOYMENT_TARGET = 5.0;
				LIBRARY_SEARCH_PATHS = (
					"$(inherited)",
					"\"$(SRCROOT)\"",
				);
				PRODUCT_NAME = GPAide;
				PROVISIONING_PROFILE = "";
				"PROVISIONING_PROFILE[sdk=iphoneos*]" = "";
				SDKROOT = iphoneos;
			};
			name = Debug;
		};
		1D6058950D05DD3E006BFB54 /* Release */ = {
			isa = XCBuildConfiguration;
			buildSettings = {
				ALWAYS_SEARCH_USER_PATHS = NO;
				CLANG_ENABLE_OBJC_ARC = YES;
				CODE_SIGN_IDENTITY = "iPhone Developer";
				"CODE_SIGN_IDENTITY[sdk=iphoneos*]" = "iPhone Distribution";
				COPY_PHASE_STRIP = YES;
				GCC_PRECOMPILE_PREFIX_HEADER = YES;
				GCC_PREFIX_HEADER = GPA_Prefix.pch;
				GCC_VERSION = com.apple.compilers.llvm.clang.1_0;
				INFOPLIST_FILE = "GPA-Info.plist";
				IPHONEOS_DEPLOYMENT_TARGET = 5.0;
				LIBRARY_SEARCH_PATHS = (
					"$(inherited)",
					"\"$(SRCROOT)\"",
				);
				PRODUCT_NAME = GPAide;
				PROVISIONING_PROFILE = "";
				"PROVISIONING_PROFILE[sdk=iphoneos*]" = "";
				SDKROOT = iphoneos;
			};
			name = Release;
		};
		C01FCF4F08A954540054247B /* Debug */ = {
			isa = XCBuildConfiguration;
			buildSettings = {
				ARCHS = "$(ARCHS_STANDARD_32_BIT)";
				CODE_SIGN_IDENTITY = "iPhone Developer";
				"CODE_SIGN_IDENTITY[sdk=iphoneos*]" = "iPhone Developer";
				GCC_C_LANGUAGE_STANDARD = c99;
				GCC_WARN_ABOUT_RETURN_TYPE = YES;
				GCC_WARN_UNUSED_VARIABLE = YES;
				IPHONEOS_DEPLOYMENT_TARGET = 5.0;
				PROVISIONING_PROFILE = "";
				SDKROOT = iphoneos;
			};
			name = Debug;
		};
		C01FCF5008A954540054247B /* Release */ = {
			isa = XCBuildConfiguration;
			buildSettings = {
				ARCHS = "$(ARCHS_STANDARD_32_BIT)";
				CODE_SIGN_IDENTITY = "iPhone Developer";
				"CODE_SIGN_IDENTITY[sdk=iphoneos*]" = "iPhone Developer";
				GCC_C_LANGUAGE_STANDARD = c99;
				GCC_WARN_ABOUT_RETURN_TYPE = YES;
				GCC_WARN_UNUSED_VARIABLE = YES;
				IPHONEOS_DEPLOYMENT_TARGET = 5.0;
				PROVISIONING_PROFILE = "";
				SDKROOT = iphoneos;
			};
			name = Release;
		};
/* End XCBuildConfiguration section */

/* Begin XCConfigurationList section */
		1D6058960D05DD3E006BFB54 /* Build configuration list for PBXNativeTarget "GPA" */ = {
			isa = XCConfigurationList;
			buildConfigurations = (
				1D6058940D05DD3E006BFB54 /* Debug */,
				1D6058950D05DD3E006BFB54 /* Release */,
			);
			defaultConfigurationIsVisible = 0;
			defaultConfigurationName = Release;
		};
		C01FCF4E08A954540054247B /* Build configuration list for PBXProject "GPA" */ = {
			isa = XCConfigurationList;
			buildConfigurations = (
				C01FCF4F08A954540054247B /* Debug */,
				C01FCF5008A954540054247B /* Release */,
			);
			defaultConfigurationIsVisible = 0;
			defaultConfigurationName = Release;
		};
/* End XCConfigurationList section */
	};
	rootObject = 29B97313FDCFA39411CA2CEA /* Project object */;
}
